
Microsoft Visual Studio Solution File, Format Version 12.00
# Visual Studio Version 16
VisualStudioVersion = 16.0.29020.237
MinimumVisualStudioVersion = 10.0.40219.1
Project("{2150E333-8FDC-42A3-9474-1A3956D46DE8}") = "Application", "Application", "{EA1F5A43-7321-40E2-B4D3-45887A531D21}"
EndProject
Project("{2150E333-8FDC-42A3-9474-1A3956D46DE8}") = "Domain", "Domain", "{D007B648-7A75-4239-8BAF-C5109DB6FCDF}"
EndProject
Project("{2150E333-8FDC-42A3-9474-1A3956D46DE8}") = "Infra.IoC", "Infra.IoC", "{E310B41F-62E9-480D-9D46-C965748CE886}"
EndProject
Project("{2150E333-8FDC-42A3-9474-1A3956D46DE8}") = "Infra.Data", "Infra.Data", "{E2D4D2E2-ED7A-43D4-9A4B-AF68AC9B3C28}"
EndProject
Project("{2150E333-8FDC-42A3-9474-1A3956D46DE8}") = "Presentation", "Presentation", "{F3169D28-5E96-416E-8F78-538C181B66FB}"
EndProject
Project("{9A19103F-16F7-4668-BE54-9A1E7A4F7556}") = "CleanArch.Mvc", "CleanArch.Mvc\CleanArch.Mvc.csproj", "{2AA56A93-C3EB-4C54-A5E1-27AF346110C1}"
EndProject
Project("{9A19103F-16F7-4668-BE54-9A1E7A4F7556}") = "CleanArch.Domain", "CleanArch.Domain\CleanArch.Domain.csproj", "{DFE59996-3991-49D3-B514-9D006EBF216A}"
EndProject
Project("{FAE04EC0-301F-11D3-BF4B-00C04F79EFBC}") = "CleanArch.Infra.Data", "CleanArch.Infra.Data\CleanArch.Infra.Data.csproj", "{EE4EBBB0-9182-4BFE-9C8B-E645D8220452}"
EndProject
Project("{FAE04EC0-301F-11D3-BF4B-00C04F79EFBC}") = "CleanArch.Application", "CleanArch.Application\CleanArch.Application.csproj", "{3B351A60-F3E4-4770-803E-3066C0A499CF}"
EndProject
Project("{FAE04EC0-301F-11D3-BF4B-00C04F79EFBC}") = "CleanArch.Infra.IoC", "CleanArch.Infra.IoC\CleanArch.Infra.IoC.csproj", "{31DD3D78-1BC2-45A2-AA3F-406C5A363E46}"
EndProject
Project("{2150E333-8FDC-42A3-9474-1A3956D46DE8}") = "Infra.Bus", "Infra.Bus", "{551405C7-3F38-4F0C-A11F-5F730C929827}"
EndProject
Project("{2150E333-8FDC-42A3-9474-1A3956D46DE8}") = "Api", "Api", "{494F8208-A577-4071-B22D-65105B628662}"
EndProject
Project("{FAE04EC0-301F-11D3-BF4B-00C04F79EFBC}") = "CleanArch.Infra.Bus", "CleanArch.Infra.Bus\CleanArch.Infra.Bus.csproj", "{7C4D19C9-A4BD-46C6-93F3-13EA15174EA7}"
EndProject
Project("{FAE04EC0-301F-11D3-BF4B-00C04F79EFBC}") = "CleanArch.Domain.Core", "CleanArch.Domain.Core\CleanArch.Domain.Core.csproj", "{E4DB536E-C296-47E5-94A9-8235EC0CD513}"
EndProject
Project("{FAE04EC0-301F-11D3-BF4B-00C04F79EFBC}") = "CleanArch.Api", "CleanArch.Api\CleanArch.Api.csproj", "{D1F7E356-F773-474F-A0A1-7F96C700008D}"
EndProject
Global
	GlobalSection(SolutionConfigurationPlatforms) = preSolution
		Debug|Any CPU = Debug|Any CPU
		Release|Any CPU = Release|Any CPU
	EndGlobalSection
	GlobalSection(ProjectConfigurationPlatforms) = postSolution
		{2AA56A93-C3EB-4C54-A5E1-27AF346110C1}.Debug|Any CPU.ActiveCfg = Debug|Any CPU
		{2AA56A93-C3EB-4C54-A5E1-27AF346110C1}.Debug|Any CPU.Build.0 = Debug|Any CPU
		{2AA56A93-C3EB-4C54-A5E1-27AF346110C1}.Release|Any CPU.ActiveCfg = Release|Any CPU
		{2AA56A93-C3EB-4C54-A5E1-27AF346110C1}.Release|Any CPU.Build.0 = Release|Any CPU
		{DFE59996-3991-49D3-B514-9D006EBF216A}.Debug|Any CPU.ActiveCfg = Debug|Any CPU
		{DFE59996-3991-49D3-B514-9D006EBF216A}.Debug|Any CPU.Build.0 = Debug|Any CPU
		{DFE59996-3991-49D3-B514-9D006EBF216A}.Release|Any CPU.ActiveCfg = Release|Any CPU
		{DFE59996-3991-49D3-B514-9D006EBF216A}.Release|Any CPU.Build.0 = Release|Any CPU
		{EE4EBBB0-9182-4BFE-9C8B-E645D8220452}.Debug|Any CPU.ActiveCfg = Debug|Any CPU
		{EE4EBBB0-9182-4BFE-9C8B-E645D8220452}.Debug|Any CPU.Build.0 = Debug|Any CPU
		{EE4EBBB0-9182-4BFE-9C8B-E645D8220452}.Release|Any CPU.ActiveCfg = Release|Any CPU
		{EE4EBBB0-9182-4BFE-9C8B-E645D8220452}.Release|Any CPU.Build.0 = Release|Any CPU
		{3B351A60-F3E4-4770-803E-3066C0A499CF}.Debug|Any CPU.ActiveCfg = Debug|Any CPU
		{3B351A60-F3E4-4770-803E-3066C0A499CF}.Debug|Any CPU.Build.0 = Debug|Any CPU
		{3B351A60-F3E4-4770-803E-3066C0A499CF}.Release|Any CPU.ActiveCfg = Release|Any CPU
		{3B351A60-F3E4-4770-803E-3066C0A499CF}.Release|Any CPU.Build.0 = Release|Any CPU
		{31DD3D78-1BC2-45A2-AA3F-406C5A363E46}.Debug|Any CPU.ActiveCfg = Debug|Any CPU
		{31DD3D78-1BC2-45A2-AA3F-406C5A363E46}.Debug|Any CPU.Build.0 = Debug|Any CPU
		{31DD3D78-1BC2-45A2-AA3F-406C5A363E46}.Release|Any CPU.ActiveCfg = Release|Any CPU
		{31DD3D78-1BC2-45A2-AA3F-406C5A363E46}.Release|Any CPU.Build.0 = Release|Any CPU
		{7C4D19C9-A4BD-46C6-93F3-13EA15174EA7}.Debug|Any CPU.ActiveCfg = Debug|Any CPU
		{7C4D19C9-A4BD-46C6-93F3-13EA15174EA7}.Debug|Any CPU.Build.0 = Debug|Any CPU
		{7C4D19C9-A4BD-46C6-93F3-13EA15174EA7}.Release|Any CPU.ActiveCfg = Release|Any CPU
		{7C4D19C9-A4BD-46C6-93F3-13EA15174EA7}.Release|Any CPU.Build.0 = Release|Any CPU
		{E4DB536E-C296-47E5-94A9-8235EC0CD513}.Debug|Any CPU.ActiveCfg = Debug|Any CPU
		{E4DB536E-C296-47E5-94A9-8235EC0CD513}.Debug|Any CPU.Build.0 = Debug|Any CPU
		{E4DB536E-C296-47E5-94A9-8235EC0CD513}.Release|Any CPU.ActiveCfg = Release|Any CPU
		{E4DB536E-C296-47E5-94A9-8235EC0CD513}.Release|Any CPU.Build.0 = Release|Any CPU
		{D1F7E356-F773-474F-A0A1-7F96C700008D}.Debug|Any CPU.ActiveCfg = Debug|Any CPU
		{D1F7E356-F773-474F-A0A1-7F96C700008D}.Debug|Any CPU.Build.0 = Debug|Any CPU
		{D1F7E356-F773-474F-A0A1-7F96C700008D}.Release|Any CPU.ActiveCfg = Release|Any CPU
		{D1F7E356-F773-474F-A0A1-7F96C700008D}.Release|Any CPU.Build.0 = Release|Any CPU
	EndGlobalSection
	GlobalSection(SolutionProperties) = preSolution
		HideSolutionNode = FALSE
	EndGlobalSection
	GlobalSection(NestedProjects) = preSolution
		{2AA56A93-C3EB-4C54-A5E1-27AF346110C1} = {F3169D28-5E96-416E-8F78-538C181B66FB}
		{DFE59996-3991-49D3-B514-9D006EBF216A} = {D007B648-7A75-4239-8BAF-C5109DB6FCDF}
		{EE4EBBB0-9182-4BFE-9C8B-E645D8220452} = {E2D4D2E2-ED7A-43D4-9A4B-AF68AC9B3C28}
		{3B351A60-F3E4-4770-803E-3066C0A499CF} = {EA1F5A43-7321-40E2-B4D3-45887A531D21}
		{31DD3D78-1BC2-45A2-AA3F-406C5A363E46} = {E310B41F-62E9-480D-9D46-C965748CE886}
		{7C4D19C9-A4BD-46C6-93F3-13EA15174EA7} = {551405C7-3F38-4F0C-A11F-5F730C929827}
		{E4DB536E-C296-47E5-94A9-8235EC0CD513} = {D007B648-7A75-4239-8BAF-C5109DB6FCDF}
		{D1F7E356-F773-474F-A0A1-7F96C700008D} = {494F8208-A577-4071-B22D-65105B628662}
	EndGlobalSection
	GlobalSection(ExtensibilityGlobals) = postSolution
		SolutionGuid = {F767B718-038C-4BE9-B629-5446A6213B76}
	EndGlobalSection
EndGlobal
